{
  "nodes": {
    "codegraph": {
      "inputs": {
        "nixpkgs": "nixpkgs"
      },
      "locked": {
        "lastModified": 1779979845,
        "narHash": "sha256-aZPmRiwkqUfgXlMhlb6F9s+Mcc208LWmHx6RlkgnKOM=",
        "owner": "Shenmarukai",
        "repo": "codegraph",
        "rev": "103223adf0718cf1932fbc29b580daf1de0bb5f0",
        "type": "github"
      },
      "original": {
        "owner": "Shenmarukai",
        "repo": "codegraph",
        "rev": "103223adf0718cf1932fbc29b580daf1de0bb5f0",
        "type": "github"
      }
    },
    "devenv": {
      "locked": {
        "dir": "src/modules",
        "lastModified": 1779391247,
        "narHash": "sha256-esZvb5j2bjfBBYjj6OPi4mGLfFuQ5uguBCLI1S0u40E=",
        "owner": "cachix",
        "repo": "devenv",
        "rev": "a904b9b62d53399bb1c01b3ccf25255b59641b65",
        "type": "github"
      },
      "original": {
        "dir": "src/modules",
        "owner": "cachix",
        "repo": "devenv",
        "type": "github"
      }
    },
    "imhex": {
      "locked": {
        "lastModified": 1766419912,
        "narHash": "sha256-QKvcerYVmFMs5N2723dTFTUdYp+Hb3s9fEt+L+7yKz8=",
        "owner": "nixos",
        "repo": "nixpkgs",
        "rev": "f2642a9101a8bedccbc9b7870f3cb9eda657f1a9",
        "type": "github"
      },
      "original": {
        "owner": "nixos",
        "repo": "nixpkgs",
        "rev": "f2642a9101a8bedccbc9b7870f3cb9eda657f1a9",
        "type": "github"
      }
    },
    "nixpkgs": {
      "locked": {
        "lastModified": 1779536132,
        "narHash": "sha256-q+fF42iv/geEbHfgSzy3tS0FF/EyD6XTZ98E6yxiBO8=",
        "owner": "NixOS",
        "repo": "nixpkgs",
        "rev": "3d8f0f3f72a6cd4d93d0ad13203f2ea1cb7e1456",
        "type": "github"
      },
      "original": {
        "owner": "NixOS",
        "ref": "nixpkgs-unstable",
        "repo": "nixpkgs",
        "type": "github"
      }
    },
    "nixpkgs-src": {
      "flake": false,
      "locked": {
        "lastModified": 1778274207,
        "narHash": "sha256-I4puXmX1iovcCHZlRmztO3vW0mAbbRvq4F8wgIMQ1MM=",
        "owner": "NixOS",
        "repo": "nixpkgs",
        "rev": "b3da656039dc7a6240f27b2ef8cc6a3ef3bccae7",
        "type": "github"
      },
      "original": {
        "owner": "NixOS",
        "ref": "nixpkgs-unstable",
        "repo": "nixpkgs",
        "type": "github"
      }
    },
    "nixpkgs_2": {
      "inputs": {
        "nixpkgs-src": "nixpkgs-src"
      },
      "locked": {
        "lastModified": 1778507786,
        "narHash": "sha256-HzSQCKMsMr8r55LwM1JuzIOB+8bzk0FEv6sItKvsfoY=",
        "owner": "cachix",
        "repo": "devenv-nixpkgs",
        "rev": "8f24a228a782e24576b155d1e39f0d914b380691",
        "type": "github"
      },
      "original": {
        "owner": "cachix",
        "ref": "rolling",
        "repo": "devenv-nixpkgs",
        "type": "github"
      }
    },
    "root": {
      "inputs": {
        "codegraph": "codegraph",
        "devenv": "devenv",
        "imhex": "imhex",
        "nixpkgs": "nixpkgs_2",
        "wrkflw": "wrkflw"
      }
    },
    "wrkflw": {
      "locked": {
        "lastModified": 1778679934,
        "narHash": "sha256-QCV3ZaVgeGWG1KP/EW94WibF7j7FyK2IGCjODhFEr5g=",
        "owner": "nixos",
        "repo": "nixpkgs",
        "rev": "19ca7f6a89a7a8c94c75afe2c9f4865925a53355",
        "type": "github"
      },
      "original": {
        "owner": "nixos",
        "repo": "nixpkgs",
        "rev": "19ca7f6a89a7a8c94c75afe2c9f4865925a53355",
        "type": "github"
      }
    }
  },
  "root": "root",
  "version": 7
}